
Microsoft Visual Studio Solution File, Format Version 12.00
Project("{FAE04EC0-301F-11D3-BF4B-00C04F79EFBC}") = "dmpcs", "dmpcs\dmpcs.csproj", "{B681B36D-907E-44B9-A8C8-3249BDF7E3DC}"
EndProject
Global
	GlobalSection(SolutionConfigurationPlatforms) = preSolution
		Debug|Any CPU = Debug|Any CPU
		Release|Any CPU = Release|Any CPU
	EndGlobalSection
	GlobalSection(ProjectConfigurationPlatforms) = postSolution
		{B681B36D-907E-44B9-A8C8-3249BDF7E3DC}.Debug|Any CPU.ActiveCfg = Debug|Any CPU
		{B681B36D-907E-44B9-A8C8-3249BDF7E3DC}.Debug|Any CPU.Build.0 = Debug|Any CPU
		{B681B36D-907E-44B9-A8C8-3249BDF7E3DC}.Release|Any CPU.ActiveCfg = Release|Any CPU
		{B681B36D-907E-44B9-A8C8-3249BDF7E3DC}.Release|Any CPU.Build.0 = Release|Any CPU
	EndGlobalSection
EndGlobal
